
Microsoft Visual Studio Solution File, Format Version 12.00
# Visual Studio 14
VisualStudioVersion = 14.0.25123.0
MinimumVisualStudioVersion = 10.0.40219.1
Project("{8BC9CEB8-8B4A-11D0-8D11-00A0C91BC942}") = "1-HelloAIE", "1-HelloAIE\1-HelloAIE.vcxproj", "{89993F4C-FF24-4038-B55D-E99EEFB5B54D}"
EndProject
Project("{8BC9CEB8-8B4A-11D0-8D11-00A0C91BC942}") = "2-Variables", "2-Variables\2-Variables.vcxproj", "{8F6A3D82-0840-47D1-9855-A3D1E8804FAE}"
EndProject
Project("{8BC9CEB8-8B4A-11D0-8D11-00A0C91BC942}") = "3-conditionals", "3-conditionals\3-conditionals.vcxproj", "{0B0BA59A-BC15-4BF1-9445-0677D1F468B5}"
EndProject
Project("{8BC9CEB8-8B4A-11D0-8D11-00A0C91BC942}") = "4-Functions and Breakpoints", "4-Functions and Breakpoints\4-Functions and Breakpoints.vcxproj", "{CD74E20C-ADE5-478B-9F2B-FA51036F0E3D}"
EndProject
Project("{8BC9CEB8-8B4A-11D0-8D11-00A0C91BC942}") = "5-multi-file projects", "5-multi-file projects\5-multi-file projects.vcxproj", "{7C20A560-D6DA-4332-AA12-8B0E7F49B90B}"
EndProject
Project("{8BC9CEB8-8B4A-11D0-8D11-00A0C91BC942}") = "6-Loops", "6-Loops\6-Loops.vcxproj", "{51957270-4153-40C8-A579-CF6194C1F045}"
EndProject
Project("{8BC9CEB8-8B4A-11D0-8D11-00A0C91BC942}") = "7-Arrays", "7-Arrays\7-Arrays.vcxproj", "{E34A6401-7E95-4622-8736-4CEB31CAB28F}"
EndProject
Global
	GlobalSection(SolutionConfigurationPlatforms) = preSolution
		Debug|x64 = Debug|x64
		Debug|x86 = Debug|x86
		Release|x64 = Release|x64
		Release|x86 = Release|x86
	EndGlobalSection
	GlobalSection(ProjectConfigurationPlatforms) = postSolution
		{89993F4C-FF24-4038-B55D-E99EEFB5B54D}.Debug|x64.ActiveCfg = Debug|x64
		{89993F4C-FF24-4038-B55D-E99EEFB5B54D}.Debug|x64.Build.0 = Debug|x64
		{89993F4C-FF24-4038-B55D-E99EEFB5B54D}.Debug|x86.ActiveCfg = Debug|Win32
		{89993F4C-FF24-4038-B55D-E99EEFB5B54D}.Debug|x86.Build.0 = Debug|Win32
		{89993F4C-FF24-4038-B55D-E99EEFB5B54D}.Release|x64.ActiveCfg = Release|x64
		{89993F4C-FF24-4038-B55D-E99EEFB5B54D}.Release|x64.Build.0 = Release|x64
		{89993F4C-FF24-4038-B55D-E99EEFB5B54D}.Release|x86.ActiveCfg = Release|Win32
		{89993F4C-FF24-4038-B55D-E99EEFB5B54D}.Release|x86.Build.0 = Release|Win32
		{8F6A3D82-0840-47D1-9855-A3D1E8804FAE}.Debug|x64.ActiveCfg = Debug|x64
		{8F6A3D82-0840-47D1-9855-A3D1E8804FAE}.Debug|x64.Build.0 = Debug|x64
		{8F6A3D82-0840-47D1-9855-A3D1E8804FAE}.Debug|x86.ActiveCfg = Debug|Win32
		{8F6A3D82-0840-47D1-9855-A3D1E8804FAE}.Debug|x86.Build.0 = Debug|Win32
		{8F6A3D82-0840-47D1-9855-A3D1E8804FAE}.Release|x64.ActiveCfg = Release|x64
		{8F6A3D82-0840-47D1-9855-A3D1E8804FAE}.Release|x64.Build.0 = Release|x64
		{8F6A3D82-0840-47D1-9855-A3D1E8804FAE}.Release|x86.ActiveCfg = Release|Win32
		{8F6A3D82-0840-47D1-9855-A3D1E8804FAE}.Release|x86.Build.0 = Release|Win32
		{0B0BA59A-BC15-4BF1-9445-0677D1F468B5}.Debug|x64.ActiveCfg = Debug|x64
		{0B0BA59A-BC15-4BF1-9445-0677D1F468B5}.Debug|x64.Build.0 = Debug|x64
		{0B0BA59A-BC15-4BF1-9445-0677D1F468B5}.Debug|x86.ActiveCfg = Debug|Win32
		{0B0BA59A-BC15-4BF1-9445-0677D1F468B5}.Debug|x86.Build.0 = Debug|Win32
		{0B0BA59A-BC15-4BF1-9445-0677D1F468B5}.Release|x64.ActiveCfg = Release|x64
		{0B0BA59A-BC15-4BF1-9445-0677D1F468B5}.Release|x64.Build.0 = Release|x64
		{0B0BA59A-BC15-4BF1-9445-0677D1F468B5}.Release|x86.ActiveCfg = Release|Win32
		{0B0BA59A-BC15-4BF1-9445-0677D1F468B5}.Release|x86.Build.0 = Release|Win32
		{CD74E20C-ADE5-478B-9F2B-FA51036F0E3D}.Debug|x64.ActiveCfg = Debug|x64
		{CD74E20C-ADE5-478B-9F2B-FA51036F0E3D}.Debug|x64.Build.0 = Debug|x64
		{CD74E20C-ADE5-478B-9F2B-FA51036F0E3D}.Debug|x86.ActiveCfg = Debug|Win32
		{CD74E20C-ADE5-478B-9F2B-FA51036F0E3D}.Debug|x86.Build.0 = Debug|Win32
		{CD74E20C-ADE5-478B-9F2B-FA51036F0E3D}.Release|x64.ActiveCfg = Release|x64
		{CD74E20C-ADE5-478B-9F2B-FA51036F0E3D}.Release|x64.Build.0 = Release|x64
		{CD74E20C-ADE5-478B-9F2B-FA51036F0E3D}.Release|x86.ActiveCfg = Release|Win32
		{CD74E20C-ADE5-478B-9F2B-FA51036F0E3D}.Release|x86.Build.0 = Release|Win32
		{7C20A560-D6DA-4332-AA12-8B0E7F49B90B}.Debug|x64.ActiveCfg = Debug|x64
		{7C20A560-D6DA-4332-AA12-8B0E7F49B90B}.Debug|x64.Build.0 = Debug|x64
		{7C20A560-D6DA-4332-AA12-8B0E7F49B90B}.Debug|x86.ActiveCfg = Debug|Win32
		{7C20A560-D6DA-4332-AA12-8B0E7F49B90B}.Debug|x86.Build.0 = Debug|Win32
		{7C20A560-D6DA-4332-AA12-8B0E7F49B90B}.Release|x64.ActiveCfg = Release|x64
		{7C20A560-D6DA-4332-AA12-8B0E7F49B90B}.Release|x64.Build.0 = Release|x64
		{7C20A560-D6DA-4332-AA12-8B0E7F49B90B}.Release|x86.ActiveCfg = Release|Win32
		{7C20A560-D6DA-4332-AA12-8B0E7F49B90B}.Release|x86.Build.0 = Release|Win32
		{51957270-4153-40C8-A579-CF6194C1F045}.Debug|x64.ActiveCfg = Debug|x64
		{51957270-4153-40C8-A579-CF6194C1F045}.Debug|x64.Build.0 = Debug|x64
		{51957270-4153-40C8-A579-CF6194C1F045}.Debug|x86.ActiveCfg = Debug|Win32
		{51957270-4153-40C8-A579-CF6194C1F045}.Debug|x86.Build.0 = Debug|Win32
		{51957270-4153-40C8-A579-CF6194C1F045}.Release|x64.ActiveCfg = Release|x64
		{51957270-4153-40C8-A579-CF6194C1F045}.Release|x64.Build.0 = Release|x64
		{51957270-4153-40C8-A579-CF6194C1F045}.Release|x86.ActiveCfg = Release|Win32
		{51957270-4153-40C8-A579-CF6194C1F045}.Release|x86.Build.0 = Release|Win32
		{E34A6401-7E95-4622-8736-4CEB31CAB28F}.Debug|x64.ActiveCfg = Debug|x64
		{E34A6401-7E95-4622-8736-4CEB31CAB28F}.Debug|x64.Build.0 = Debug|x64
		{E34A6401-7E95-4622-8736-4CEB31CAB28F}.Debug|x86.ActiveCfg = Debug|Win32
		{E34A6401-7E95-4622-8736-4CEB31CAB28F}.Debug|x86.Build.0 = Debug|Win32
		{E34A6401-7E95-4622-8736-4CEB31CAB28F}.Release|x64.ActiveCfg = Release|x64
		{E34A6401-7E95-4622-8736-4CEB31CAB28F}.Release|x64.Build.0 = Release|x64
		{E34A6401-7E95-4622-8736-4CEB31CAB28F}.Release|x86.ActiveCfg = Release|Win32
		{E34A6401-7E95-4622-8736-4CEB31CAB28F}.Release|x86.Build.0 = Release|Win32
	EndGlobalSection
	GlobalSection(SolutionProperties) = preSolution
		HideSolutionNode = FALSE
	EndGlobalSection
EndGlobal
